
Microsoft Visual Studio Solution File, Format Version 12.00
# Visual Studio Version 16
VisualStudioVersion = 16.0.29409.12
MinimumVisualStudioVersion = 10.0.40219.1
Project("{9A19103F-16F7-4668-BE54-9A1E7A4F7556}") = "RomanNumerals", "RomanNumerals\RomanNumerals.csproj", "{AD95A293-F2C1-46CA-91F7-5FE211C3B529}"
EndProject
Project("{9A19103F-16F7-4668-BE54-9A1E7A4F7556}") = "RomanNumeralsTests", "RomanNumeralsTests\RomanNumeralsTests.csproj", "{169CD039-3ED3-49BB-96A6-D308918A2346}"
EndProject
Global
	GlobalSection(SolutionConfigurationPlatforms) = preSolution
		Debug|Any CPU = Debug|Any CPU
		Release|Any CPU = Release|Any CPU
	EndGlobalSection
	GlobalSection(ProjectConfigurationPlatforms) = postSolution
		{AD95A293-F2C1-46CA-91F7-5FE211C3B529}.Debug|Any CPU.ActiveCfg = Debug|Any CPU
		{AD95A293-F2C1-46CA-91F7-5FE211C3B529}.Debug|Any CPU.Build.0 = Debug|Any CPU
		{AD95A293-F2C1-46CA-91F7-5FE211C3B529}.Release|Any CPU.ActiveCfg = Release|Any CPU
		{AD95A293-F2C1-46CA-91F7-5FE211C3B529}.Release|Any CPU.Build.0 = Release|Any CPU
		{169CD039-3ED3-49BB-96A6-D308918A2346}.Debug|Any CPU.ActiveCfg = Debug|Any CPU
		{169CD039-3ED3-49BB-96A6-D308918A2346}.Debug|Any CPU.Build.0 = Debug|Any CPU
		{169CD039-3ED3-49BB-96A6-D308918A2346}.Release|Any CPU.ActiveCfg = Release|Any CPU
		{169CD039-3ED3-49BB-96A6-D308918A2346}.Release|Any CPU.Build.0 = Release|Any CPU
	EndGlobalSection
	GlobalSection(SolutionProperties) = preSolution
		HideSolutionNode = FALSE
	EndGlobalSection
	GlobalSection(ExtensibilityGlobals) = postSolution
		SolutionGuid = {304D6944-9756-4B53-B6AE-235BAA2D7A9B}
	EndGlobalSection
EndGlobal
